
Microsoft Visual Studio Solution File, Format Version 12.00
# Visual Studio Version 17
VisualStudioVersion = 17.1.32328.378
MinimumVisualStudioVersion = 10.0.40219.1
Project("{FAE04EC0-301F-11D3-BF4B-00C04F79EFBC}") = "NearCompanion.Server", "Server\NearCompanion.Server.csproj", "{BF407383-7508-4DF0-B569-EB725A956750}"
EndProject
Project("{FAE04EC0-301F-11D3-BF4B-00C04F79EFBC}") = "NearCompanion.Client", "Client\NearCompanion.Client.csproj", "{C6628F78-A2B6-4AED-BE8D-777A1A948E8A}"
EndProject
Project("{FAE04EC0-301F-11D3-BF4B-00C04F79EFBC}") = "NearCompanion.Shared", "Shared\NearCompanion.Shared.csproj", "{109E93AE-93BD-439F-B11C-6403A583ADC7}"
EndProject
Global
	GlobalSection(SolutionConfigurationPlatforms) = preSolution
		Debug|Any CPU = Debug|Any CPU
		Release|Any CPU = Release|Any CPU
	EndGlobalSection
	GlobalSection(ProjectConfigurationPlatforms) = postSolution
		{BF407383-7508-4DF0-B569-EB725A956750}.Debug|Any CPU.ActiveCfg = Debug|Any CPU
		{BF407383-7508-4DF0-B569-EB725A956750}.Debug|Any CPU.Build.0 = Debug|Any CPU
		{BF407383-7508-4DF0-B569-EB725A956750}.Release|Any CPU.ActiveCfg = Release|Any CPU
		{BF407383-7508-4DF0-B569-EB725A956750}.Release|Any CPU.Build.0 = Release|Any CPU
		{C6628F78-A2B6-4AED-BE8D-777A1A948E8A}.Debug|Any CPU.ActiveCfg = Debug|Any CPU
		{C6628F78-A2B6-4AED-BE8D-777A1A948E8A}.Debug|Any CPU.Build.0 = Debug|Any CPU
		{C6628F78-A2B6-4AED-BE8D-777A1A948E8A}.Release|Any CPU.ActiveCfg = Release|Any CPU
		{C6628F78-A2B6-4AED-BE8D-777A1A948E8A}.Release|Any CPU.Build.0 = Release|Any CPU
		{109E93AE-93BD-439F-B11C-6403A583ADC7}.Debug|Any CPU.ActiveCfg = Debug|Any CPU
		{109E93AE-93BD-439F-B11C-6403A583ADC7}.Debug|Any CPU.Build.0 = Debug|Any CPU
		{109E93AE-93BD-439F-B11C-6403A583ADC7}.Release|Any CPU.ActiveCfg = Release|Any CPU
		{109E93AE-93BD-439F-B11C-6403A583ADC7}.Release|Any CPU.Build.0 = Release|Any CPU
	EndGlobalSection
	GlobalSection(SolutionProperties) = preSolution
		HideSolutionNode = FALSE
	EndGlobalSection
	GlobalSection(ExtensibilityGlobals) = postSolution
		SolutionGuid = {D2ADD2A6-884F-431C-8470-4CB13E0EFD73}
	EndGlobalSection
EndGlobal
